
Microsoft Visual Studio Solution File, Format Version 12.00
# Visual Studio Version 17
VisualStudioVersion = 17.11.35222.181
MinimumVisualStudioVersion = 10.0.40219.1
Project("{FAE04EC0-301F-11D3-BF4B-00C04F79EFBC}") = "DigitalClock", "DigitalClock\DigitalClock.csproj", "{CCDE95CE-18DA-48ED-8694-C0D0CD9E103B}"
EndProject
Global
	GlobalSection(SolutionConfigurationPlatforms) = preSolution
		Debug|Any CPU = Debug|Any CPU
		Release|Any CPU = Release|Any CPU
	EndGlobalSection
	GlobalSection(ProjectConfigurationPlatforms) = postSolution
		{CCDE95CE-18DA-48ED-8694-C0D0CD9E103B}.Debug|Any CPU.ActiveCfg = Debug|Any CPU
		{CCDE95CE-18DA-48ED-8694-C0D0CD9E103B}.Debug|Any CPU.Build.0 = Debug|Any CPU
		{CCDE95CE-18DA-48ED-8694-C0D0CD9E103B}.Release|Any CPU.ActiveCfg = Release|Any CPU
		{CCDE95CE-18DA-48ED-8694-C0D0CD9E103B}.Release|Any CPU.Build.0 = Release|Any CPU
	EndGlobalSection
	GlobalSection(SolutionProperties) = preSolution
		HideSolutionNode = FALSE
	EndGlobalSection
	GlobalSection(ExtensibilityGlobals) = postSolution
		SolutionGuid = {D8A85F1D-65C1-472B-A8EA-F5FAFD84C316}
	EndGlobalSection
EndGlobal
